
Microsoft Visual Studio Solution File, Format Version 12.00
# Visual Studio Version 18
VisualStudioVersion = 18.3.11312.210 d18.3
MinimumVisualStudioVersion = 10.0.40219.1
Project("{FAE04EC0-301F-11D3-BF4B-00C04F79EFBC}") = "FreeSql.Extensions.JsonMap.STJ", "FreeSql.Extensions.JsonMap.STJ.csproj", "{0700DA84-09A0-CA4B-FCD4-20A80AD52F09}"
EndProject
Global
	GlobalSection(SolutionConfigurationPlatforms) = preSolution
		Debug|Any CPU = Debug|Any CPU
		Release|Any CPU = Release|Any CPU
	EndGlobalSection
	GlobalSection(ProjectConfigurationPlatforms) = postSolution
		{0700DA84-09A0-CA4B-FCD4-20A80AD52F09}.Debug|Any CPU.ActiveCfg = Debug|Any CPU
		{0700DA84-09A0-CA4B-FCD4-20A80AD52F09}.Debug|Any CPU.Build.0 = Debug|Any CPU
		{0700DA84-09A0-CA4B-FCD4-20A80AD52F09}.Release|Any CPU.ActiveCfg = Release|Any CPU
		{0700DA84-09A0-CA4B-FCD4-20A80AD52F09}.Release|Any CPU.Build.0 = Release|Any CPU
	EndGlobalSection
	GlobalSection(SolutionProperties) = preSolution
		HideSolutionNode = FALSE
	EndGlobalSection
	GlobalSection(ExtensibilityGlobals) = postSolution
		SolutionGuid = {6D8C87B4-4072-41B9-8BBF-C5744A2B958F}
	EndGlobalSection
EndGlobal
